{
  "object": {
    "pins": [
      {
        "package": "geos",
        "repositoryURL": "https://github.com/alexrrouse/geos.git",
        "state": {
          "branch": null,
          "revision": "90b437d4d04beb37a0658ee770c7707fc3be5426",
          "version": "4.1.2"
        }
      }
    ]
  },
  "version": 1
}
