{
  "object": {
    "pins": [
      {
        "package": "geos",
        "repositoryURL": "https://github.com/alexrrouse/geos.git",
        "state": {
          "branch": null,
          "revision": "1205375b7d47db43ed551da3399ff5f43f04969d",
          "version": "4.1.2"
        }
      }
    ]
  },
  "version": 1
}
